{
  "nodes": {
    "flake-compat": {
      "flake": false,
      "locked": {
        "lastModified": 1777699697,
        "narHash": "sha256-Eg9b/rq/ECYwNwEXs5i9wHyhxNI0JrYx2srdI2uZMaQ=",
        "rev": "382052b74656a369c5408822af3f2501e9b1af81",
        "type": "tarball",
        "url": "https://git.lix.systems/api/v1/repos/lix-project/flake-compat/archive/382052b74656a369c5408822af3f2501e9b1af81.tar.gz"
      },
      "original": {
        "type": "tarball",
        "url": "https://git.lix.systems/lix-project/flake-compat/archive/main.tar.gz"
      }
    },
    "nixpkgs": {
      "locked": {
        "lastModified": 1787498568,
        "narHash": "sha256-9i/VTdusq/+NM/tz+J1Re+ojkMB8MBf0QshnYfzHz30=",
        "owner": "NixOS",
        "repo": "nixpkgs",
        "rev": "56c02bc00adcf003215cc4bd996d6efaf4cff188",
        "type": "github"
      },
      "original": {
        "owner": "NixOS",
        "ref": "nixos-unstable",
        "repo": "nixpkgs",
        "type": "github"
      }
    },
    "root": {
      "inputs": {
        "flake-compat": "flake-compat",
        "nixpkgs": "nixpkgs",
        "systemd": "systemd"
      }
    },
    "systemd": {
      "flake": false,
      "locked": {
        "lastModified": 1787661916,
        "narHash": "sha256-aJhDUaGfyqK32zHFOm3bTB0BF7gMu+dzWciYqucGcbc=",
        "owner": "systemd",
        "repo": "systemd",
        "rev": "dc39dc759b8ede0dd10b1359ec8704bc62d7938c",
        "type": "github"
      },
      "original": {
        "owner": "systemd",
        "repo": "systemd",
        "type": "github"
      }
    }
  },
  "root": "root",
  "version": 7
}
