{
  "nodes": {
    "flake-compat": {
      "flake": false,
      "locked": {
        "lastModified": 1777699697,
        "narHash": "sha256-Eg9b/rq/ECYwNwEXs5i9wHyhxNI0JrYx2srdI2uZMaQ=",
        "rev": "382052b74656a369c5408822af3f2501e9b1af81",
        "type": "tarball",
        "url": "https://git.lix.systems/api/v1/repos/lix-project/flake-compat/archive/382052b74656a369c5408822af3f2501e9b1af81.tar.gz"
      },
      "original": {
        "type": "tarball",
        "url": "https://git.lix.systems/lix-project/flake-compat/archive/main.tar.gz"
      }
    },
    "nixpkgs": {
      "locked": {
        "lastModified": 1788179007,
        "narHash": "sha256-hn1oU2rue2SYK8dAr8+WNZWtbsz1S2W5mnHlSEuh3bo=",
        "owner": "NixOS",
        "repo": "nixpkgs",
        "rev": "34ab99075ac4f7e40cf037eef32cb1c360bb85e9",
        "type": "github"
      },
      "original": {
        "owner": "NixOS",
        "ref": "nixos-unstable",
        "repo": "nixpkgs",
        "type": "github"
      }
    },
    "root": {
      "inputs": {
        "flake-compat": "flake-compat",
        "nixpkgs": "nixpkgs",
        "systemd": "systemd"
      }
    },
    "systemd": {
      "flake": false,
      "locked": {
        "lastModified": 1788255743,
        "narHash": "sha256-V+zNeGMYquM3Ou6SNV6xexI+VSIMRCdrVCEnHy0/KDg=",
        "owner": "systemd",
        "repo": "systemd",
        "rev": "0896c973217b17e66a916b2caa43aefbc5357f3b",
        "type": "github"
      },
      "original": {
        "owner": "systemd",
        "ref": "v262-rc1",
        "repo": "systemd",
        "type": "github"
      }
    }
  },
  "root": "root",
  "version": 7
}
