{
  "version": "1",
  "sources": {
    "nixpkgs": {
      "type": "GitHub",
      "fetchType": "tarball",
      "owner": "NixOS",
      "repo": "nixpkgs",
      "branch": "nixos-unstable",
      "revision": "56c02bc00adcf003215cc4bd996d6efaf4cff188",
      "url": "https://github.com/NixOS/nixpkgs/archive/56c02bc00adcf003215cc4bd996d6efaf4cff188.tar.gz",
      "hash": "sha256-9i/VTdusq/+NM/tz+J1Re+ojkMB8MBf0QshnYfzHz30="
    },
    "systemd": {
      "type": "Git",
      "fetchType": "git",
      "branch": "main",
      "revision": "3f725686820e6050ace633a3e5be9f8b69e5657f",
      "url": "https://github.com/systemd/systemd.git",
      "hash": "sha256-4Krek5POT2gjkX4ziEJZYh9xxJF0Bs2QJqgUiNcWqSc=",
      "lastModified": 1787604256,
      "submodules": false
    }
  }
}
