{
  "version": "1",
  "sources": {
    "nixpkgs": {
      "type": "GitHub",
      "fetchType": "tarball",
      "owner": "NixOS",
      "repo": "nixpkgs",
      "branch": "nixos-unstable",
      "revision": "56c02bc00adcf003215cc4bd996d6efaf4cff188",
      "url": "https://github.com/NixOS/nixpkgs/archive/56c02bc00adcf003215cc4bd996d6efaf4cff188.tar.gz",
      "hash": "sha256-9i/VTdusq/+NM/tz+J1Re+ojkMB8MBf0QshnYfzHz30="
    },
    "systemd": {
      "type": "Git",
      "fetchType": "git",
      "branch": "main",
      "revision": "b8bcae41acc11a10f2cbcd13b1902e35843270a4",
      "url": "https://github.com/systemd/systemd.git",
      "hash": "sha256-RXj28/dxq45m4otK9uhNpNOtIOT7oR71mynmLoyHmn4=",
      "lastModified": 1787610167,
      "submodules": false
    }
  }
}
